
Microsoft Visual Studio Solution File, Format Version 12.00
# Visual Studio Version 17
VisualStudioVersion = 17.4.33213.308
MinimumVisualStudioVersion = 10.0.40219.1
Project("{2150E333-8FDC-42A3-9474-1A3956D46DE8}") = "src", "src", "{D3BBB3A8-15B7-4FBC-A5BC-E84F859F241B}"
EndProject
Project("{2150E333-8FDC-42A3-9474-1A3956D46DE8}") = "test", "test", "{1ADBE0A2-B82B-4105-A62B-17EAC8712784}"
EndProject
Project("{FAE04EC0-301F-11D3-BF4B-00C04F79EFBC}") = "POS.Domain", "POS.Domain\POS.Domain.csproj", "{48ED4E36-A049-4A76-976E-1584405D2ED6}"
EndProject
Project("{FAE04EC0-301F-11D3-BF4B-00C04F79EFBC}") = "POS.Infrastructure", "POS.Infrastructure\POS.Infrastructure.csproj", "{520F0102-E930-4667-993D-5E626ECD0ED5}"
EndProject
Project("{FAE04EC0-301F-11D3-BF4B-00C04F79EFBC}") = "POS.Application", "POS.Application\POS.Application.csproj", "{16516779-A4C2-40F0-BA7C-F0CA48CD222E}"
EndProject
Project("{FAE04EC0-301F-11D3-BF4B-00C04F79EFBC}") = "POS.Api", "POS.Api\POS.Api.csproj", "{716DD16F-3737-46F6-A6B0-FA7345FA22B3}"
EndProject
Project("{FAE04EC0-301F-11D3-BF4B-00C04F79EFBC}") = "POS.Utilities", "POS.Utilities\POS.Utilities.csproj", "{58678978-A6FD-4AC5-AA26-B11C048C655F}"
EndProject
Project("{FAE04EC0-301F-11D3-BF4B-00C04F79EFBC}") = "POS.Test", "POS.Test\POS.Test.csproj", "{5749B029-C0B5-41F2-BD63-29663C309B68}"
EndProject
Global
	GlobalSection(SolutionConfigurationPlatforms) = preSolution
		Debug|Any CPU = Debug|Any CPU
		Release|Any CPU = Release|Any CPU
	EndGlobalSection
	GlobalSection(ProjectConfigurationPlatforms) = postSolution
		{48ED4E36-A049-4A76-976E-1584405D2ED6}.Debug|Any CPU.ActiveCfg = Debug|Any CPU
		{48ED4E36-A049-4A76-976E-1584405D2ED6}.Debug|Any CPU.Build.0 = Debug|Any CPU
		{48ED4E36-A049-4A76-976E-1584405D2ED6}.Release|Any CPU.ActiveCfg = Release|Any CPU
		{48ED4E36-A049-4A76-976E-1584405D2ED6}.Release|Any CPU.Build.0 = Release|Any CPU
		{520F0102-E930-4667-993D-5E626ECD0ED5}.Debug|Any CPU.ActiveCfg = Debug|Any CPU
		{520F0102-E930-4667-993D-5E626ECD0ED5}.Debug|Any CPU.Build.0 = Debug|Any CPU
		{520F0102-E930-4667-993D-5E626ECD0ED5}.Release|Any CPU.ActiveCfg = Release|Any CPU
		{520F0102-E930-4667-993D-5E626ECD0ED5}.Release|Any CPU.Build.0 = Release|Any CPU
		{16516779-A4C2-40F0-BA7C-F0CA48CD222E}.Debug|Any CPU.ActiveCfg = Debug|Any CPU
		{16516779-A4C2-40F0-BA7C-F0CA48CD222E}.Debug|Any CPU.Build.0 = Debug|Any CPU
		{16516779-A4C2-40F0-BA7C-F0CA48CD222E}.Release|Any CPU.ActiveCfg = Release|Any CPU
		{16516779-A4C2-40F0-BA7C-F0CA48CD222E}.Release|Any CPU.Build.0 = Release|Any CPU
		{716DD16F-3737-46F6-A6B0-FA7345FA22B3}.Debug|Any CPU.ActiveCfg = Debug|Any CPU
		{716DD16F-3737-46F6-A6B0-FA7345FA22B3}.Debug|Any CPU.Build.0 = Debug|Any CPU
		{716DD16F-3737-46F6-A6B0-FA7345FA22B3}.Release|Any CPU.ActiveCfg = Release|Any CPU
		{716DD16F-3737-46F6-A6B0-FA7345FA22B3}.Release|Any CPU.Build.0 = Release|Any CPU
		{58678978-A6FD-4AC5-AA26-B11C048C655F}.Debug|Any CPU.ActiveCfg = Debug|Any CPU
		{58678978-A6FD-4AC5-AA26-B11C048C655F}.Debug|Any CPU.Build.0 = Debug|Any CPU
		{58678978-A6FD-4AC5-AA26-B11C048C655F}.Release|Any CPU.ActiveCfg = Release|Any CPU
		{58678978-A6FD-4AC5-AA26-B11C048C655F}.Release|Any CPU.Build.0 = Release|Any CPU
		{5749B029-C0B5-41F2-BD63-29663C309B68}.Debug|Any CPU.ActiveCfg = Debug|Any CPU
		{5749B029-C0B5-41F2-BD63-29663C309B68}.Debug|Any CPU.Build.0 = Debug|Any CPU
		{5749B029-C0B5-41F2-BD63-29663C309B68}.Release|Any CPU.ActiveCfg = Release|Any CPU
		{5749B029-C0B5-41F2-BD63-29663C309B68}.Release|Any CPU.Build.0 = Release|Any CPU
	EndGlobalSection
	GlobalSection(SolutionProperties) = preSolution
		HideSolutionNode = FALSE
	EndGlobalSection
	GlobalSection(NestedProjects) = preSolution
		{48ED4E36-A049-4A76-976E-1584405D2ED6} = {D3BBB3A8-15B7-4FBC-A5BC-E84F859F241B}
		{520F0102-E930-4667-993D-5E626ECD0ED5} = {D3BBB3A8-15B7-4FBC-A5BC-E84F859F241B}
		{16516779-A4C2-40F0-BA7C-F0CA48CD222E} = {D3BBB3A8-15B7-4FBC-A5BC-E84F859F241B}
		{716DD16F-3737-46F6-A6B0-FA7345FA22B3} = {D3BBB3A8-15B7-4FBC-A5BC-E84F859F241B}
		{58678978-A6FD-4AC5-AA26-B11C048C655F} = {D3BBB3A8-15B7-4FBC-A5BC-E84F859F241B}
		{5749B029-C0B5-41F2-BD63-29663C309B68} = {1ADBE0A2-B82B-4105-A62B-17EAC8712784}
	EndGlobalSection
	GlobalSection(ExtensibilityGlobals) = postSolution
		SolutionGuid = {F6903074-8297-423D-AC83-63582004FDB1}
	EndGlobalSection
EndGlobal
